
Microsoft Visual Studio Solution File, Format Version 12.00
# Visual Studio Version 17
VisualStudioVersion = 17.0.32014.148
MinimumVisualStudioVersion = 10.0.40219.1
Project("{9A19103F-16F7-4668-BE54-9A1E7A4F7556}") = "ToDo", "ToDoList\ToDo.csproj", "{0836EC1B-F339-4B3F-9D7E-A64562971668}"
EndProject
Project("{9A19103F-16F7-4668-BE54-9A1E7A4F7556}") = "Tests", "Tests\Tests.csproj", "{FC72F174-82C6-47E1-A126-EECA0A70C4BA}"
EndProject
Project("{9A19103F-16F7-4668-BE54-9A1E7A4F7556}") = "Application", "Application\Application.csproj", "{94C200C4-DD2F-4256-83B9-CAF76BB8813C}"
EndProject
Project("{9A19103F-16F7-4668-BE54-9A1E7A4F7556}") = "GUI", "GUI\GUI.csproj", "{88225061-D0F4-490B-92D2-7B75C02C462C}"
EndProject
Global
	GlobalSection(SolutionConfigurationPlatforms) = preSolution
		Debug|Any CPU = Debug|Any CPU
		Release|Any CPU = Release|Any CPU
	EndGlobalSection
	GlobalSection(ProjectConfigurationPlatforms) = postSolution
		{0836EC1B-F339-4B3F-9D7E-A64562971668}.Debug|Any CPU.ActiveCfg = Debug|Any CPU
		{0836EC1B-F339-4B3F-9D7E-A64562971668}.Debug|Any CPU.Build.0 = Debug|Any CPU
		{0836EC1B-F339-4B3F-9D7E-A64562971668}.Release|Any CPU.ActiveCfg = Release|Any CPU
		{0836EC1B-F339-4B3F-9D7E-A64562971668}.Release|Any CPU.Build.0 = Release|Any CPU
		{FC72F174-82C6-47E1-A126-EECA0A70C4BA}.Debug|Any CPU.ActiveCfg = Debug|Any CPU
		{FC72F174-82C6-47E1-A126-EECA0A70C4BA}.Debug|Any CPU.Build.0 = Debug|Any CPU
		{FC72F174-82C6-47E1-A126-EECA0A70C4BA}.Release|Any CPU.ActiveCfg = Release|Any CPU
		{FC72F174-82C6-47E1-A126-EECA0A70C4BA}.Release|Any CPU.Build.0 = Release|Any CPU
		{94C200C4-DD2F-4256-83B9-CAF76BB8813C}.Debug|Any CPU.ActiveCfg = Debug|Any CPU
		{94C200C4-DD2F-4256-83B9-CAF76BB8813C}.Debug|Any CPU.Build.0 = Debug|Any CPU
		{94C200C4-DD2F-4256-83B9-CAF76BB8813C}.Release|Any CPU.ActiveCfg = Release|Any CPU
		{94C200C4-DD2F-4256-83B9-CAF76BB8813C}.Release|Any CPU.Build.0 = Release|Any CPU
		{88225061-D0F4-490B-92D2-7B75C02C462C}.Debug|Any CPU.ActiveCfg = Debug|Any CPU
		{88225061-D0F4-490B-92D2-7B75C02C462C}.Debug|Any CPU.Build.0 = Debug|Any CPU
		{88225061-D0F4-490B-92D2-7B75C02C462C}.Release|Any CPU.ActiveCfg = Release|Any CPU
		{88225061-D0F4-490B-92D2-7B75C02C462C}.Release|Any CPU.Build.0 = Release|Any CPU
	EndGlobalSection
	GlobalSection(SolutionProperties) = preSolution
		HideSolutionNode = FALSE
	EndGlobalSection
	GlobalSection(ExtensibilityGlobals) = postSolution
		SolutionGuid = {2A15B4ED-8620-4B0C-A382-04202849A53E}
	EndGlobalSection
EndGlobal
